
Microsoft Visual Studio Solution File, Format Version 12.00
# Visual Studio Version 17
VisualStudioVersion = 17.0.31903.59
MinimumVisualStudioVersion = 10.0.40219.1
Project("{FAE04EC0-301F-11D3-BF4B-00C04F79EFBC}") = "VideoKit", "VideoKit.csproj", "{ED8E38C6-4F62-4FE8-801D-AA8723E73C55}"
EndProject
Project("{2150E333-8FDC-42A3-9474-1A3956D46DE8}") = "Projects", "Projects", "{6127B1FE-99E0-436E-A87C-85A3DCA344D9}"
EndProject
Project("{FAE04EC0-301F-11D3-BF4B-00C04F79EFBC}") = "VideoKit.Android", "Projects\Android\VideoKit.Android.csproj", "{EAC5CF61-7AEF-445A-BB01-145FBFD69767}"
EndProject
Global
	GlobalSection(SolutionConfigurationPlatforms) = preSolution
		Debug|Any CPU = Debug|Any CPU
		Release|Any CPU = Release|Any CPU
	EndGlobalSection
	GlobalSection(SolutionProperties) = preSolution
		HideSolutionNode = FALSE
	EndGlobalSection
	GlobalSection(ProjectConfigurationPlatforms) = postSolution
		{ED8E38C6-4F62-4FE8-801D-AA8723E73C55}.Debug|Any CPU.ActiveCfg = Debug|Any CPU
		{ED8E38C6-4F62-4FE8-801D-AA8723E73C55}.Debug|Any CPU.Build.0 = Debug|Any CPU
		{ED8E38C6-4F62-4FE8-801D-AA8723E73C55}.Release|Any CPU.ActiveCfg = Release|Any CPU
		{ED8E38C6-4F62-4FE8-801D-AA8723E73C55}.Release|Any CPU.Build.0 = Release|Any CPU
		{EAC5CF61-7AEF-445A-BB01-145FBFD69767}.Debug|Any CPU.ActiveCfg = Debug|Any CPU
		{EAC5CF61-7AEF-445A-BB01-145FBFD69767}.Debug|Any CPU.Build.0 = Debug|Any CPU
		{EAC5CF61-7AEF-445A-BB01-145FBFD69767}.Release|Any CPU.ActiveCfg = Release|Any CPU
		{EAC5CF61-7AEF-445A-BB01-145FBFD69767}.Release|Any CPU.Build.0 = Release|Any CPU
	EndGlobalSection
	GlobalSection(NestedProjects) = preSolution
		{EAC5CF61-7AEF-445A-BB01-145FBFD69767} = {6127B1FE-99E0-436E-A87C-85A3DCA344D9}
	EndGlobalSection
EndGlobal
